
Microsoft Visual Studio Solution File, Format Version 12.00
# Visual Studio Version 17
VisualStudioVersion = 17.4.33213.308
MinimumVisualStudioVersion = 10.0.40219.1
Project("{FAE04EC0-301F-11D3-BF4B-00C04F79EFBC}") = "OsuCurrentBeatmap", "OsuCurrentBeatmap.csproj", "{10564A0A-77DE-4582-802A-DB812E4FD7CB}"
EndProject
Global
	GlobalSection(SolutionConfigurationPlatforms) = preSolution
		Debug|Any CPU = Debug|Any CPU
		Release|Any CPU = Release|Any CPU
	EndGlobalSection
	GlobalSection(ProjectConfigurationPlatforms) = postSolution
		{10564A0A-77DE-4582-802A-DB812E4FD7CB}.Debug|Any CPU.ActiveCfg = Debug|Any CPU
		{10564A0A-77DE-4582-802A-DB812E4FD7CB}.Debug|Any CPU.Build.0 = Debug|Any CPU
		{10564A0A-77DE-4582-802A-DB812E4FD7CB}.Release|Any CPU.ActiveCfg = Release|Any CPU
		{10564A0A-77DE-4582-802A-DB812E4FD7CB}.Release|Any CPU.Build.0 = Release|Any CPU
	EndGlobalSection
	GlobalSection(SolutionProperties) = preSolution
		HideSolutionNode = FALSE
	EndGlobalSection
	GlobalSection(ExtensibilityGlobals) = postSolution
		SolutionGuid = {68CEB01C-DB5C-43CB-B4BA-9A817205F3F5}
	EndGlobalSection
EndGlobal
